<?xml version="1.0" encoding="utf-8"?>
<Project ToolsVersion="4.0" xmlns="http://schemas.microsoft.com/developer/msbuild/2003">
  <ItemGroup>
    <Filter Include="applecation">
      <UniqueIdentifier>{670688c8-92a1-4e1f-b14d-542e90bbf244}</UniqueIdentifier>
    </Filter>
  </ItemGroup>
  <ItemGroup>
    <ClCompile Include="main.cpp">
      <Filter>applecation</Filter>
    </ClCompile>
  </ItemGroup>
</Project>